
Microsoft Visual Studio Solution File, Format Version 12.00
# Visual Studio Version 17
VisualStudioVersion = 17.5.002.0
MinimumVisualStudioVersion = 10.0.40219.1
Project("{9A19103F-16F7-4668-BE54-9A1E7A4F7556}") = "MaryaMartins", "MaryaMartins\MaryaMartins.csproj", "{7D2C8707-CC6D-4D5D-B72C-2E65B2F397ED}"
EndProject
Global
	GlobalSection(SolutionConfigurationPlatforms) = preSolution
		Debug|Any CPU = Debug|Any CPU
		Release|Any CPU = Release|Any CPU
	EndGlobalSection
	GlobalSection(ProjectConfigurationPlatforms) = postSolution
		{7D2C8707-CC6D-4D5D-B72C-2E65B2F397ED}.Debug|Any CPU.ActiveCfg = Debug|Any CPU
		{7D2C8707-CC6D-4D5D-B72C-2E65B2F397ED}.Debug|Any CPU.Build.0 = Debug|Any CPU
		{7D2C8707-CC6D-4D5D-B72C-2E65B2F397ED}.Release|Any CPU.ActiveCfg = Release|Any CPU
		{7D2C8707-CC6D-4D5D-B72C-2E65B2F397ED}.Release|Any CPU.Build.0 = Release|Any CPU
	EndGlobalSection
	GlobalSection(SolutionProperties) = preSolution
		HideSolutionNode = FALSE
	EndGlobalSection
	GlobalSection(ExtensibilityGlobals) = postSolution
		SolutionGuid = {47AF6F9F-F385-4C5E-9CE3-6A192FBEEBA5}
	EndGlobalSection
EndGlobal
